
Microsoft Visual Studio Solution File, Format Version 12.00
# Visual Studio Version 17
VisualStudioVersion = 17.11.35222.181
MinimumVisualStudioVersion = 10.0.40219.1
Project("{FAE04EC0-301F-11D3-BF4B-00C04F79EFBC}") = "Projekt garaze", "Projekt garaze\Projekt garaze.csproj", "{F1C1F5CB-B6C5-408F-8F33-66D63D3C1FC0}"
EndProject
Global
	GlobalSection(SolutionConfigurationPlatforms) = preSolution
		Debug|Any CPU = Debug|Any CPU
		Release|Any CPU = Release|Any CPU
	EndGlobalSection
	GlobalSection(ProjectConfigurationPlatforms) = postSolution
		{F1C1F5CB-B6C5-408F-8F33-66D63D3C1FC0}.Debug|Any CPU.ActiveCfg = Debug|Any CPU
		{F1C1F5CB-B6C5-408F-8F33-66D63D3C1FC0}.Debug|Any CPU.Build.0 = Debug|Any CPU
		{F1C1F5CB-B6C5-408F-8F33-66D63D3C1FC0}.Release|Any CPU.ActiveCfg = Release|Any CPU
		{F1C1F5CB-B6C5-408F-8F33-66D63D3C1FC0}.Release|Any CPU.Build.0 = Release|Any CPU
	EndGlobalSection
	GlobalSection(SolutionProperties) = preSolution
		HideSolutionNode = FALSE
	EndGlobalSection
	GlobalSection(ExtensibilityGlobals) = postSolution
		SolutionGuid = {57DB34EC-9792-409C-B832-94D329935F06}
	EndGlobalSection
EndGlobal
